// !$*UTF8*$!
{
	archiveVersion = 1;
	classes = {
	};
	objectVersion = 46;
	objects = {

/* Begin PBXBuildFile section */
		27763AFFEF2C540D51F7E484 /* Pods_GhostGossip.framework in Frameworks */ = {isa = PBXBuildFile; fileRef = 5A3B11E80CD91A6F60FB748C /* Pods_GhostGossip.framework */; };
		561C7B3A1D60C30400168D2D /* Profile.storyboard in Resources */ = {isa = PBXBuildFile; fileRef = 561C7B381D60C30400168D2D /* Profile.storyboard */; };
		565204A91D4E5DE3003060EE /* FBSDKCoreKit.framework in Frameworks */ = {isa = PBXBuildFile; fileRef = 565204A71D4E5DE3003060EE /* FBSDKCoreKit.framework */; };
		565204AA1D4E5DE3003060EE /* FBSDKLoginKit.framework in Frameworks */ = {isa = PBXBuildFile; fileRef = 565204A81D4E5DE3003060EE /* FBSDKLoginKit.framework */; };
		5652DEB51D628399005A0B87 /* PostCellTableViewCell.swift in Sources */ = {isa = PBXBuildFile; fileRef = 5652DEB41D628399005A0B87 /* PostCellTableViewCell.swift */; };
		5652DEB71D63845F005A0B87 /* PostModel.swift in Sources */ = {isa = PBXBuildFile; fileRef = 5652DEB61D63845F005A0B87 /* PostModel.swift */; };
		5652DEB91D733045005A0B87 /* HelperFunctions.swift in Sources */ = {isa = PBXBuildFile; fileRef = 5652DEB81D733045005A0B87 /* HelperFunctions.swift */; };
		5666E3221D60F46B00653805 /* UICustomization.swift in Sources */ = {isa = PBXBuildFile; fileRef = 5666E3211D60F46B00653805 /* UICustomization.swift */; };
		567F21821D830BD7006964DE /* Friends.storyboard in Resources */ = {isa = PBXBuildFile; fileRef = 567F21801D830BD7006964DE /* Friends.storyboard */; };
		567F21841D830BFA006964DE /* Search.storyboard in Resources */ = {isa = PBXBuildFile; fileRef = 567F21831D830BFA006964DE /* Search.storyboard */; };
		567F21881D831D34006964DE /* FriendsViewController.swift in Sources */ = {isa = PBXBuildFile; fileRef = 567F21871D831D34006964DE /* FriendsViewController.swift */; };
		567F218A1D832394006964DE /* FriendsTableViewCell.swift in Sources */ = {isa = PBXBuildFile; fileRef = 567F21891D832394006964DE /* FriendsTableViewCell.swift */; };
		567F218C1D846B36006964DE /* SearchViewController.swift in Sources */ = {isa = PBXBuildFile; fileRef = 567F218B1D846B36006964DE /* SearchViewController.swift */; };
		568EB6EA1D4CF52000B56A88 /* UIKit.framework in Frameworks */ = {isa = PBXBuildFile; fileRef = 568EB6E91D4CF52000B56A88 /* UIKit.framework */; };
		568EB6EE1D4CF52C00B56A88 /* AVFoundation.framework in Frameworks */ = {isa = PBXBuildFile; fileRef = 568EB6EB1D4CF52C00B56A88 /* AVFoundation.framework */; };
		568EB6EF1D4CF52C00B56A88 /* CoreFoundation.framework in Frameworks */ = {isa = PBXBuildFile; fileRef = 568EB6EC1D4CF52C00B56A88 /* CoreFoundation.framework */; };
		568EB6F01D4CF52C00B56A88 /* Foundation.framework in Frameworks */ = {isa = PBXBuildFile; fileRef = 568EB6ED1D4CF52C00B56A88 /* Foundation.framework */; };
		568EB6F21D4CF53400B56A88 /* SafariServices.framework in Frameworks */ = {isa = PBXBuildFile; fileRef = 568EB6F11D4CF53400B56A88 /* SafariServices.framework */; };
		568EB6F41D4CF53D00B56A88 /* Security.framework in Frameworks */ = {isa = PBXBuildFile; fileRef = 568EB6F31D4CF53D00B56A88 /* Security.framework */; };
		568EB6F61D4E40FA00B56A88 /* GoogleService-Info.plist in Resources */ = {isa = PBXBuildFile; fileRef = 568EB6F51D4E40FA00B56A88 /* GoogleService-Info.plist */; };
		56B5C0561D5D05E800412FEB /* MyFeedTableViewCell.swift in Sources */ = {isa = PBXBuildFile; fileRef = 56B5C0551D5D05E800412FEB /* MyFeedTableViewCell.swift */; };
		56EC62841D579617000D6B86 /* Dashboard.storyboard in Resources */ = {isa = PBXBuildFile; fileRef = 56EC62821D579617000D6B86 /* Dashboard.storyboard */; };
		56EC62861D579D09000D6B86 /* SettingsViewController.swift in Sources */ = {isa = PBXBuildFile; fileRef = 56EC62851D579D09000D6B86 /* SettingsViewController.swift */; };
		56EC62881D58C011000D6B86 /* Bolts.framework in Frameworks */ = {isa = PBXBuildFile; fileRef = 56EC62871D58C011000D6B86 /* Bolts.framework */; };
		56EC628A1D58C02E000D6B86 /* FBAudienceNetwork.framework in Frameworks */ = {isa = PBXBuildFile; fileRef = 56EC62891D58C02E000D6B86 /* FBAudienceNetwork.framework */; };
		56EC628C1D58C03D000D6B86 /* FBNotifications.framework in Frameworks */ = {isa = PBXBuildFile; fileRef = 56EC628B1D58C03D000D6B86 /* FBNotifications.framework */; };
		56EC628E1D58C122000D6B86 /* ImageIO.framework in Frameworks */ = {isa = PBXBuildFile; fileRef = 56EC628D1D58C122000D6B86 /* ImageIO.framework */; };
		56ED31DD1D4C1F3300BB78C6 /* AppDelegate.swift in Sources */ = {isa = PBXBuildFile; fileRef = 56ED31DC1D4C1F3300BB78C6 /* AppDelegate.swift */; };
		56ED31DF1D4C1F3300BB78C6 /* ViewController.swift in Sources */ = {isa = PBXBuildFile; fileRef = 56ED31DE1D4C1F3300BB78C6 /* ViewController.swift */; };
		56ED31E21D4C1F3400BB78C6 /* Main.storyboard in Resources */ = {isa = PBXBuildFile; fileRef = 56ED31E01D4C1F3400BB78C6 /* Main.storyboard */; };
		56ED31E41D4C1F3400BB78C6 /* Assets.xcassets in Resources */ = {isa = PBXBuildFile; fileRef = 56ED31E31D4C1F3400BB78C6 /* Assets.xcassets */; };
		56ED31E71D4C1F3400BB78C6 /* LaunchScreen.storyboard in Resources */ = {isa = PBXBuildFile; fileRef = 56ED31E51D4C1F3400BB78C6 /* LaunchScreen.storyboard */; };
		56ED31F21D4C1F3400BB78C6 /* GhostGossipTests.swift in Sources */ = {isa = PBXBuildFile; fileRef = 56ED31F11D4C1F3400BB78C6 /* GhostGossipTests.swift */; };
		56ED31FD1D4C1F3400BB78C6 /* GhostGossipUITests.swift in Sources */ = {isa = PBXBuildFile; fileRef = 56ED31FC1D4C1F3400BB78C6 /* GhostGossipUITests.swift */; };
		56F5DD811D510C8C00253254 /* UserModel.swift in Sources */ = {isa = PBXBuildFile; fileRef = 56F5DD801D510C8C00253254 /* UserModel.swift */; };
		56F5DD831D513EF100253254 /* UserNameAndPhoneNoViewController.swift in Sources */ = {isa = PBXBuildFile; fileRef = 56F5DD821D513EF100253254 /* UserNameAndPhoneNoViewController.swift */; };
		56F5DD851D51781800253254 /* FBLoadingViewController.swift in Sources */ = {isa = PBXBuildFile; fileRef = 56F5DD841D51781800253254 /* FBLoadingViewController.swift */; };
		56F5DD871D527F8C00253254 /* loadingAnimation.swift in Sources */ = {isa = PBXBuildFile; fileRef = 56F5DD861D527F8C00253254 /* loadingAnimation.swift */; };
		56F5DD891D52AC9C00253254 /* VerificationViewController.swift in Sources */ = {isa = PBXBuildFile; fileRef = 56F5DD881D52AC9C00253254 /* VerificationViewController.swift */; };
		56F5DD8B1D52AD6A00253254 /* Color.swift in Sources */ = {isa = PBXBuildFile; fileRef = 56F5DD8A1D52AD6A00253254 /* Color.swift */; };
		56F5DD991D56315300253254 /* Info.plist in Resources */ = {isa = PBXBuildFile; fileRef = 56F5DD8E1D56315300253254 /* Info.plist */; };
		56F5DD9A1D56315300253254 /* SCLAlertView.swift in Sources */ = {isa = PBXBuildFile; fileRef = 56F5DD8F1D56315300253254 /* SCLAlertView.swift */; };
		56F5DD9B1D56315300253254 /* SCLExtensions.swift in Sources */ = {isa = PBXBuildFile; fileRef = 56F5DD901D56315300253254 /* SCLExtensions.swift */; };
		56F5DD9C1D56315300253254 /* Info.plist in Resources */ = {isa = PBXBuildFile; fileRef = 56F5DD911D56315300253254 /* Info.plist */; };
		56F5DD9D1D56315300253254 /* SCLAlertView.xcconfig in Resources */ = {isa = PBXBuildFile; fileRef = 56F5DD931D56315300253254 /* SCLAlertView.xcconfig */; };
		56F5DD9E1D56315300253254 /* SCLAlertView-dummy.m in Sources */ = {isa = PBXBuildFile; fileRef = 56F5DD941D56315300253254 /* SCLAlertView-dummy.m */; };
		56F5DDA51D57777600253254 /* ProfileViewController.swift in Sources */ = {isa = PBXBuildFile; fileRef = 56F5DDA41D57777600253254 /* ProfileViewController.swift */; };
		56F5DDAA1D577E0500253254 /* MainTabBarViewController.swift in Sources */ = {isa = PBXBuildFile; fileRef = 56F5DDA91D577E0500253254 /* MainTabBarViewController.swift */; };
		56F619051D610231007D89FF /* Posts.storyboard in Resources */ = {isa = PBXBuildFile; fileRef = 56F619031D610231007D89FF /* Posts.storyboard */; };
		56F6190B1D612659007D89FF /* PostViewController.swift in Sources */ = {isa = PBXBuildFile; fileRef = 56F6190A1D612659007D89FF /* PostViewController.swift */; };
		C270B11CABE38915A0775160 /* Pods_GhostGossipUITests.framework in Frameworks */ = {isa = PBXBuildFile; fileRef = CC5D0D2E82CB608EDF8CD4E6 /* Pods_GhostGossipUITests.framework */; };
		CB75680DF98A2339F87C7D35 /* Pods_GhostGossipTests.framework in Frameworks */ = {isa = PBXBuildFile; fileRef = 0E5AB806C9FD0D03530DD1BE /* Pods_GhostGossipTests.framework */; };
/* End PBXBuildFile section */

/* Begin PBXContainerItemProxy section */
		56ED31EE1D4C1F3400BB78C6 /* PBXContainerItemProxy */ = {
			isa = PBXContainerItemProxy;
			containerPortal = 56ED31D11D4C1F3300BB78C6 /* Project object */;
			proxyType = 1;
			remoteGlobalIDString = 56ED31D81D4C1F3300BB78C6;
			remoteInfo = GhostGossip;
		};
		56ED31F91D4C1F3400BB78C6 /* PBXContainerItemProxy */ = {
			isa = PBXContainerItemProxy;
			containerPortal = 56ED31D11D4C1F3300BB78C6 /* Project object */;
			proxyType = 1;
			remoteGlobalIDString = 56ED31D81D4C1F3300BB78C6;
			remoteInfo = GhostGossip;
		};
/* End PBXContainerItemProxy section */

/* Begin PBXCopyFilesBuildPhase section */
		568EB6A41D4CECB800B56A88 /* Embed Frameworks */ = {
			isa = PBXCopyFilesBuildPhase;
			buildActionMask = 8;
			dstPath = "";
			dstSubfolderSpec = 10;
			files = (
			);
			name = "Embed Frameworks";
			runOnlyForDeploymentPostprocessing = 1;
		};
/* End PBXCopyFilesBuildPhase section */

/* Begin PBXFileReference section */
		0E5AB806C9FD0D03530DD1BE /* Pods_GhostGossipTests.framework */ = {isa = PBXFileReference; explicitFileType = wrapper.framework; includeInIndex = 0; path = Pods_GhostGossipTests.framework; sourceTree = BUILT_PRODUCTS_DIR; };
		0FEC3430A6759DBDF1FF5AB1 /* Pods-GhostGossipTests.debug.xcconfig */ = {isa = PBXFileReference; includeInIndex = 1; lastKnownFileType = text.xcconfig; name = "Pods-GhostGossipTests.debug.xcconfig"; path = "Pods/Target Support Files/Pods-GhostGossipTests/Pods-GhostGossipTests.debug.xcconfig"; sourceTree = "<group>"; };
		4BF6C5A52FA318421FC441EE /* Pods-GhostGossip.debug.xcconfig */ = {isa = PBXFileReference; includeInIndex = 1; lastKnownFileType = text.xcconfig; name = "Pods-GhostGossip.debug.xcconfig"; path = "Pods/Target Support Files/Pods-GhostGossip/Pods-GhostGossip.debug.xcconfig"; sourceTree = "<group>"; };
		561C7B391D60C30400168D2D /* Base */ = {isa = PBXFileReference; lastKnownFileType = file.storyboard; name = Base; path = Base.lproj/Profile.storyboard; sourceTree = "<group>"; };
		565204A71D4E5DE3003060EE /* FBSDKCoreKit.framework */ = {isa = PBXFileReference; lastKnownFileType = wrapper.framework; name = FBSDKCoreKit.framework; path = "Pods/FacebookSDKs-iOS-4/FBSDKCoreKit.framework"; sourceTree = "<group>"; };
		565204A81D4E5DE3003060EE /* FBSDKLoginKit.framework */ = {isa = PBXFileReference; lastKnownFileType = wrapper.framework; name = FBSDKLoginKit.framework; path = "Pods/FacebookSDKs-iOS-4/FBSDKLoginKit.framework"; sourceTree = "<group>"; };
		5652DEB41D628399005A0B87 /* PostCellTableViewCell.swift */ = {isa = PBXFileReference; fileEncoding = 4; lastKnownFileType = sourcecode.swift; path = PostCellTableViewCell.swift; sourceTree = "<group>"; };
		5652DEB61D63845F005A0B87 /* PostModel.swift */ = {isa = PBXFileReference; fileEncoding = 4; lastKnownFileType = sourcecode.swift; path = PostModel.swift; sourceTree = "<group>"; };
		5652DEB81D733045005A0B87 /* HelperFunctions.swift */ = {isa = PBXFileReference; fileEncoding = 4; lastKnownFileType = sourcecode.swift; path = HelperFunctions.swift; sourceTree = "<group>"; };
		5666E3211D60F46B00653805 /* UICustomization.swift */ = {isa = PBXFileReference; fileEncoding = 4; lastKnownFileType = sourcecode.swift; path = UICustomization.swift; sourceTree = "<group>"; };
		567F21811D830BD7006964DE /* Base */ = {isa = PBXFileReference; lastKnownFileType = file.storyboard; name = Base; path = Base.lproj/Friends.storyboard; sourceTree = "<group>"; };
		567F21831D830BFA006964DE /* Search.storyboard */ = {isa = PBXFileReference; fileEncoding = 4; lastKnownFileType = file.storyboard; path = Search.storyboard; sourceTree = "<group>"; };
		567F21871D831D34006964DE /* FriendsViewController.swift */ = {isa = PBXFileReference; fileEncoding = 4; lastKnownFileType = sourcecode.swift; path = FriendsViewController.swift; sourceTree = "<group>"; };
		567F21891D832394006964DE /* FriendsTableViewCell.swift */ = {isa = PBXFileReference; fileEncoding = 4; lastKnownFileType = sourcecode.swift; path = FriendsTableViewCell.swift; sourceTree = "<group>"; };
		567F218B1D846B36006964DE /* SearchViewController.swift */ = {isa = PBXFileReference; fileEncoding = 4; lastKnownFileType = sourcecode.swift; path = SearchViewController.swift; sourceTree = "<group>"; };
		568EB6E91D4CF52000B56A88 /* UIKit.framework */ = {isa = PBXFileReference; lastKnownFileType = wrapper.framework; name = UIKit.framework; path = System/Library/Frameworks/UIKit.framework; sourceTree = SDKROOT; };
		568EB6EB1D4CF52C00B56A88 /* AVFoundation.framework */ = {isa = PBXFileReference; lastKnownFileType = wrapper.framework; name = AVFoundation.framework; path = System/Library/Frameworks/AVFoundation.framework; sourceTree = SDKROOT; };
		568EB6EC1D4CF52C00B56A88 /* CoreFoundation.framework */ = {isa = PBXFileReference; lastKnownFileType = wrapper.framework; name = CoreFoundation.framework; path = System/Library/Frameworks/CoreFoundation.framework; sourceTree = SDKROOT; };
		568EB6ED1D4CF52C00B56A88 /* Foundation.framework */ = {isa = PBXFileReference; lastKnownFileType = wrapper.framework; name = Foundation.framework; path = System/Library/Frameworks/Foundation.framework; sourceTree = SDKROOT; };
		568EB6F11D4CF53400B56A88 /* SafariServices.framework */ = {isa = PBXFileReference; lastKnownFileType = wrapper.framework; name = SafariServices.framework; path = System/Library/Frameworks/SafariServices.framework; sourceTree = SDKROOT; };
		568EB6F31D4CF53D00B56A88 /* Security.framework */ = {isa = PBXFileReference; lastKnownFileType = wrapper.framework; name = Security.framework; path = System/Library/Frameworks/Security.framework; sourceTree = SDKROOT; };
		568EB6F51D4E40FA00B56A88 /* GoogleService-Info.plist */ = {isa = PBXFileReference; fileEncoding = 4; lastKnownFileType = text.plist.xml; path = "GoogleService-Info.plist"; sourceTree = "<group>"; };
		56B5C0551D5D05E800412FEB /* MyFeedTableViewCell.swift */ = {isa = PBXFileReference; fileEncoding = 4; lastKnownFileType = sourcecode.swift; path = MyFeedTableViewCell.swift; sourceTree = "<group>"; };
		56EC62831D579617000D6B86 /* Base */ = {isa = PBXFileReference; lastKnownFileType = file.storyboard; name = Base; path = Base.lproj/Dashboard.storyboard; sourceTree = "<group>"; };
		56EC62851D579D09000D6B86 /* SettingsViewController.swift */ = {isa = PBXFileReference; fileEncoding = 4; lastKnownFileType = sourcecode.swift; path = SettingsViewController.swift; sourceTree = "<group>"; };
		56EC62871D58C011000D6B86 /* Bolts.framework */ = {isa = PBXFileReference; lastKnownFileType = wrapper.framework; path = Bolts.framework; sourceTree = "<group>"; };
		56EC62891D58C02E000D6B86 /* FBAudienceNetwork.framework */ = {isa = PBXFileReference; lastKnownFileType = wrapper.framework; path = FBAudienceNetwork.framework; sourceTree = "<group>"; };
		56EC628B1D58C03D000D6B86 /* FBNotifications.framework */ = {isa = PBXFileReference; lastKnownFileType = wrapper.framework; path = FBNotifications.framework; sourceTree = "<group>"; };
		56EC628D1D58C122000D6B86 /* ImageIO.framework */ = {isa = PBXFileReference; lastKnownFileType = wrapper.framework; name = ImageIO.framework; path = System/Library/Frameworks/ImageIO.framework; sourceTree = SDKROOT; };
		56ED31D91D4C1F3300BB78C6 /* GhostGossip.app */ = {isa = PBXFileReference; explicitFileType = wrapper.application; includeInIndex = 0; path = GhostGossip.app; sourceTree = BUILT_PRODUCTS_DIR; };
		56ED31DC1D4C1F3300BB78C6 /* AppDelegate.swift */ = {isa = PBXFileReference; lastKnownFileType = sourcecode.swift; path = AppDelegate.swift; sourceTree = "<group>"; };
		56ED31DE1D4C1F3300BB78C6 /* ViewController.swift */ = {isa = PBXFileReference; lastKnownFileType = sourcecode.swift; path = ViewController.swift; sourceTree = "<group>"; };
		56ED31E11D4C1F3400BB78C6 /* Base */ = {isa = PBXFileReference; lastKnownFileType = file.storyboard; name = Base; path = Base.lproj/Main.storyboard; sourceTree = "<group>"; };
		56ED31E31D4C1F3400BB78C6 /* Assets.xcassets */ = {isa = PBXFileReference; lastKnownFileType = folder.assetcatalog; path = Assets.xcassets; sourceTree = "<group>"; };
		56ED31E61D4C1F3400BB78C6 /* Base */ = {isa = PBXFileReference; lastKnownFileType = file.storyboard; name = Base; path = Base.lproj/LaunchScreen.storyboard; sourceTree = "<group>"; };
		56ED31E81D4C1F3400BB78C6 /* Info.plist */ = {isa = PBXFileReference; lastKnownFileType = text.plist.xml; path = Info.plist; sourceTree = "<group>"; };
		56ED31ED1D4C1F3400BB78C6 /* GhostGossipTests.xctest */ = {isa = PBXFileReference; explicitFileType = wrapper.cfbundle; includeInIndex = 0; path = GhostGossipTests.xctest; sourceTree = BUILT_PRODUCTS_DIR; };
		56ED31F11D4C1F3400BB78C6 /* GhostGossipTests.swift */ = {isa = PBXFileReference; lastKnownFileType = sourcecode.swift; path = GhostGossipTests.swift; sourceTree = "<group>"; };
		56ED31F31D4C1F3400BB78C6 /* Info.plist */ = {isa = PBXFileReference; lastKnownFileType = text.plist.xml; path = Info.plist; sourceTree = "<group>"; };
		56ED31F81D4C1F3400BB78C6 /* GhostGossipUITests.xctest */ = {isa = PBXFileReference; explicitFileType = wrapper.cfbundle; includeInIndex = 0; path = GhostGossipUITests.xctest; sourceTree = BUILT_PRODUCTS_DIR; };
		56ED31FC1D4C1F3400BB78C6 /* GhostGossipUITests.swift */ = {isa = PBXFileReference; lastKnownFileType = sourcecode.swift; path = GhostGossipUITests.swift; sourceTree = "<group>"; };
		56ED31FE1D4C1F3400BB78C6 /* Info.plist */ = {isa = PBXFileReference; lastKnownFileType = text.plist.xml; path = Info.plist; sourceTree = "<group>"; };
		56F5DD801D510C8C00253254 /* UserModel.swift */ = {isa = PBXFileReference; fileEncoding = 4; lastKnownFileType = sourcecode.swift; path = UserModel.swift; sourceTree = "<group>"; };
		56F5DD821D513EF100253254 /* UserNameAndPhoneNoViewController.swift */ = {isa = PBXFileReference; fileEncoding = 4; lastKnownFileType = sourcecode.swift; path = UserNameAndPhoneNoViewController.swift; sourceTree = "<group>"; };
		56F5DD841D51781800253254 /* FBLoadingViewController.swift */ = {isa = PBXFileReference; fileEncoding = 4; lastKnownFileType = sourcecode.swift; path = FBLoadingViewController.swift; sourceTree = "<group>"; };
		56F5DD861D527F8C00253254 /* loadingAnimation.swift */ = {isa = PBXFileReference; fileEncoding = 4; lastKnownFileType = sourcecode.swift; path = loadingAnimation.swift; sourceTree = "<group>"; };
		56F5DD881D52AC9C00253254 /* VerificationViewController.swift */ = {isa = PBXFileReference; fileEncoding = 4; lastKnownFileType = sourcecode.swift; path = VerificationViewController.swift; sourceTree = "<group>"; };
		56F5DD8A1D52AD6A00253254 /* Color.swift */ = {isa = PBXFileReference; fileEncoding = 4; lastKnownFileType = sourcecode.swift; path = Color.swift; sourceTree = "<group>"; };
		56F5DD8E1D56315300253254 /* Info.plist */ = {isa = PBXFileReference; fileEncoding = 4; lastKnownFileType = text.plist.xml; name = Info.plist; path = SCLAlertView/Info.plist; sourceTree = "<group>"; };
		56F5DD8F1D56315300253254 /* SCLAlertView.swift */ = {isa = PBXFileReference; fileEncoding = 4; lastKnownFileType = sourcecode.swift; name = SCLAlertView.swift; path = SCLAlertView/SCLAlertView.swift; sourceTree = "<group>"; };
		56F5DD901D56315300253254 /* SCLExtensions.swift */ = {isa = PBXFileReference; fileEncoding = 4; lastKnownFileType = sourcecode.swift; name = SCLExtensions.swift; path = SCLAlertView/SCLExtensions.swift; sourceTree = "<group>"; };
		56F5DD911D56315300253254 /* Info.plist */ = {isa = PBXFileReference; fileEncoding = 4; lastKnownFileType = text.plist.xml; path = Info.plist; sourceTree = "<group>"; };
		56F5DD921D56315300253254 /* SCLAlertView.modulemap */ = {isa = PBXFileReference; fileEncoding = 4; lastKnownFileType = "sourcecode.module-map"; path = SCLAlertView.modulemap; sourceTree = "<group>"; };
		56F5DD931D56315300253254 /* SCLAlertView.xcconfig */ = {isa = PBXFileReference; fileEncoding = 4; lastKnownFileType = text.xcconfig; path = SCLAlertView.xcconfig; sourceTree = "<group>"; };
		56F5DD941D56315300253254 /* SCLAlertView-dummy.m */ = {isa = PBXFileReference; fileEncoding = 4; lastKnownFileType = sourcecode.c.objc; path = "SCLAlertView-dummy.m"; sourceTree = "<group>"; };
		56F5DD951D56315300253254 /* SCLAlertView-prefix.pch */ = {isa = PBXFileReference; fileEncoding = 4; lastKnownFileType = sourcecode.c.h; path = "SCLAlertView-prefix.pch"; sourceTree = "<group>"; };
		56F5DD961D56315300253254 /* SCLAlertView-umbrella.h */ = {isa = PBXFileReference; fileEncoding = 4; lastKnownFileType = sourcecode.c.h; path = "SCLAlertView-umbrella.h"; sourceTree = "<group>"; };
		56F5DDA41D57777600253254 /* ProfileViewController.swift */ = {isa = PBXFileReference; fileEncoding = 4; lastKnownFileType = sourcecode.swift; path = ProfileViewController.swift; sourceTree = "<group>"; };
		56F5DDA91D577E0500253254 /* MainTabBarViewController.swift */ = {isa = PBXFileReference; fileEncoding = 4; lastKnownFileType = sourcecode.swift; path = MainTabBarViewController.swift; sourceTree = "<group>"; };
		56F619041D610231007D89FF /* Base */ = {isa = PBXFileReference; lastKnownFileType = file.storyboard; name = Base; path = Base.lproj/Posts.storyboard; sourceTree = "<group>"; };
		56F6190A1D612659007D89FF /* PostViewController.swift */ = {isa = PBXFileReference; fileEncoding = 4; lastKnownFileType = sourcecode.swift; path = PostViewController.swift; sourceTree = "<group>"; };
		5A3B11E80CD91A6F60FB748C /* Pods_GhostGossip.framework */ = {isa = PBXFileReference; explicitFileType = wrapper.framework; includeInIndex = 0; path = Pods_GhostGossip.framework; sourceTree = BUILT_PRODUCTS_DIR; };
		6723DB8640A7791A8C2EC2A6 /* Pods-GhostGossipTests.release.xcconfig */ = {isa = PBXFileReference; includeInIndex = 1; lastKnownFileType = text.xcconfig; name = "Pods-GhostGossipTests.release.xcconfig"; path = "Pods/Target Support Files/Pods-GhostGossipTests/Pods-GhostGossipTests.release.xcconfig"; sourceTree = "<group>"; };
		CC5D0D2E82CB608EDF8CD4E6 /* Pods_GhostGossipUITests.framework */ = {isa = PBXFileReference; explicitFileType = wrapper.framework; includeInIndex = 0; path = Pods_GhostGossipUITests.framework; sourceTree = BUILT_PRODUCTS_DIR; };
		DF56B9A5227AFF13B0DF1FF4 /* Pods-GhostGossipUITests.debug.xcconfig */ = {isa = PBXFileReference; includeInIndex = 1; lastKnownFileType = text.xcconfig; name = "Pods-GhostGossipUITests.debug.xcconfig"; path = "Pods/Target Support Files/Pods-GhostGossipUITests/Pods-GhostGossipUITests.debug.xcconfig"; sourceTree = "<group>"; };
		E63E5DC1E34D0ED50A010929 /* Pods-GhostGossip.release.xcconfig */ = {isa = PBXFileReference; includeInIndex = 1; lastKnownFileType = text.xcconfig; name = "Pods-GhostGossip.release.xcconfig"; path = "Pods/Target Support Files/Pods-GhostGossip/Pods-GhostGossip.release.xcconfig"; sourceTree = "<group>"; };
		E89A3190FF31A6D5168402CF /* Pods-GhostGossipUITests.release.xcconfig */ = {isa = PBXFileReference; includeInIndex = 1; lastKnownFileType = text.xcconfig; name = "Pods-GhostGossipUITests.release.xcconfig"; path = "Pods/Target Support Files/Pods-GhostGossipUITests/Pods-GhostGossipUITests.release.xcconfig"; sourceTree = "<group>"; };
/* End PBXFileReference section */

/* Begin PBXFrameworksBuildPhase section */
		56ED31D61D4C1F3300BB78C6 /* Frameworks */ = {
			isa = PBXFrameworksBuildPhase;
			buildActionMask = 2147483647;
			files = (
				56EC628E1D58C122000D6B86 /* ImageIO.framework in Frameworks */,
				565204A91D4E5DE3003060EE /* FBSDKCoreKit.framework in Frameworks */,
				565204AA1D4E5DE3003060EE /* FBSDKLoginKit.framework in Frameworks */,
				568EB6F41D4CF53D00B56A88 /* Security.framework in Frameworks */,
				568EB6F21D4CF53400B56A88 /* SafariServices.framework in Frameworks */,
				568EB6EE1D4CF52C00B56A88 /* AVFoundation.framework in Frameworks */,
				56EC62881D58C011000D6B86 /* Bolts.framework in Frameworks */,
				568EB6EF1D4CF52C00B56A88 /* CoreFoundation.framework in Frameworks */,
				56EC628C1D58C03D000D6B86 /* FBNotifications.framework in Frameworks */,
				56EC628A1D58C02E000D6B86 /* FBAudienceNetwork.framework in Frameworks */,
				568EB6F01D4CF52C00B56A88 /* Foundation.framework in Frameworks */,
				568EB6EA1D4CF52000B56A88 /* UIKit.framework in Frameworks */,
				27763AFFEF2C540D51F7E484 /* Pods_GhostGossip.framework in Frameworks */,
			);
			runOnlyForDeploymentPostprocessing = 0;
		};
		56ED31EA1D4C1F3400BB78C6 /* Frameworks */ = {
			isa = PBXFrameworksBuildPhase;
			buildActionMask = 2147483647;
			files = (
				CB75680DF98A2339F87C7D35 /* Pods_GhostGossipTests.framework in Frameworks */,
			);
			runOnlyForDeploymentPostprocessing = 0;
		};
		56ED31F51D4C1F3400BB78C6 /* Frameworks */ = {
			isa = PBXFrameworksBuildPhase;
			buildActionMask = 2147483647;
			files = (
				C270B11CABE38915A0775160 /* Pods_GhostGossipUITests.framework in Frameworks */,
			);
			runOnlyForDeploymentPostprocessing = 0;
		};
/* End PBXFrameworksBuildPhase section */

/* Begin PBXGroup section */
		568EB6A51D4CEE4100B56A88 /* Frameworks */ = {
			isa = PBXGroup;
			children = (
				56EC628D1D58C122000D6B86 /* ImageIO.framework */,
				565204A71D4E5DE3003060EE /* FBSDKCoreKit.framework */,
				565204A81D4E5DE3003060EE /* FBSDKLoginKit.framework */,
				56EC628B1D58C03D000D6B86 /* FBNotifications.framework */,
				56EC62891D58C02E000D6B86 /* FBAudienceNetwork.framework */,
				56EC62871D58C011000D6B86 /* Bolts.framework */,
				568EB6F31D4CF53D00B56A88 /* Security.framework */,
				568EB6F11D4CF53400B56A88 /* SafariServices.framework */,
				568EB6EB1D4CF52C00B56A88 /* AVFoundation.framework */,
				568EB6EC1D4CF52C00B56A88 /* CoreFoundation.framework */,
				568EB6ED1D4CF52C00B56A88 /* Foundation.framework */,
				568EB6E91D4CF52000B56A88 /* UIKit.framework */,
				5A3B11E80CD91A6F60FB748C /* Pods_GhostGossip.framework */,
				0E5AB806C9FD0D03530DD1BE /* Pods_GhostGossipTests.framework */,
				CC5D0D2E82CB608EDF8CD4E6 /* Pods_GhostGossipUITests.framework */,
			);
			name = Frameworks;
			sourceTree = "<group>";
		};
		56ED31D01D4C1F3300BB78C6 = {
			isa = PBXGroup;
			children = (
				568EB6A51D4CEE4100B56A88 /* Frameworks */,
				56ED31DB1D4C1F3300BB78C6 /* GhostGossip */,
				56ED31F01D4C1F3400BB78C6 /* GhostGossipTests */,
				56ED31FB1D4C1F3400BB78C6 /* GhostGossipUITests */,
				56ED31DA1D4C1F3300BB78C6 /* Products */,
				F66E4865E8B751EDECDD3789 /* Pods */,
			);
			sourceTree = "<group>";
		};
		56ED31DA1D4C1F3300BB78C6 /* Products */ = {
			isa = PBXGroup;
			children = (
				56ED31D91D4C1F3300BB78C6 /* GhostGossip.app */,
				56ED31ED1D4C1F3400BB78C6 /* GhostGossipTests.xctest */,
				56ED31F81D4C1F3400BB78C6 /* GhostGossipUITests.xctest */,
			);
			name = Products;
			sourceTree = "<group>";
		};
		56ED31DB1D4C1F3300BB78C6 /* GhostGossip */ = {
			isa = PBXGroup;
			children = (
				56ED31DC1D4C1F3300BB78C6 /* AppDelegate.swift */,
				5652DEB81D733045005A0B87 /* HelperFunctions.swift */,
				5666E3211D60F46B00653805 /* UICustomization.swift */,
				5652DEB41D628399005A0B87 /* PostCellTableViewCell.swift */,
				56F6190A1D612659007D89FF /* PostViewController.swift */,
				56F5DD881D52AC9C00253254 /* VerificationViewController.swift */,
				56F5DD861D527F8C00253254 /* loadingAnimation.swift */,
				56F5DD8A1D52AD6A00253254 /* Color.swift */,
				567F21871D831D34006964DE /* FriendsViewController.swift */,
				567F21891D832394006964DE /* FriendsTableViewCell.swift */,
				56F5DDA41D57777600253254 /* ProfileViewController.swift */,
				56B5C0551D5D05E800412FEB /* MyFeedTableViewCell.swift */,
				56ED31DE1D4C1F3300BB78C6 /* ViewController.swift */,
				56F5DDA91D577E0500253254 /* MainTabBarViewController.swift */,
				56EC62851D579D09000D6B86 /* SettingsViewController.swift */,
				56F5DD821D513EF100253254 /* UserNameAndPhoneNoViewController.swift */,
				56F5DD841D51781800253254 /* FBLoadingViewController.swift */,
				5652DEB61D63845F005A0B87 /* PostModel.swift */,
				56F5DD801D510C8C00253254 /* UserModel.swift */,
				56ED31E01D4C1F3400BB78C6 /* Main.storyboard */,
				56EC62821D579617000D6B86 /* Dashboard.storyboard */,
				567F21831D830BFA006964DE /* Search.storyboard */,
				567F21801D830BD7006964DE /* Friends.storyboard */,
				56F619031D610231007D89FF /* Posts.storyboard */,
				561C7B381D60C30400168D2D /* Profile.storyboard */,
				56ED31E31D4C1F3400BB78C6 /* Assets.xcassets */,
				56ED31E51D4C1F3400BB78C6 /* LaunchScreen.storyboard */,
				568EB6F51D4E40FA00B56A88 /* GoogleService-Info.plist */,
				56ED31E81D4C1F3400BB78C6 /* Info.plist */,
				56F5DD981D56315300253254 /* SCLAlertView */,
				567F218B1D846B36006964DE /* SearchViewController.swift */,
			);
			path = GhostGossip;
			sourceTree = "<group>";
		};
		56ED31F01D4C1F3400BB78C6 /* GhostGossipTests */ = {
			isa = PBXGroup;
			children = (
				56ED31F11D4C1F3400BB78C6 /* GhostGossipTests.swift */,
				56ED31F31D4C1F3400BB78C6 /* Info.plist */,
			);
			path = GhostGossipTests;
			sourceTree = "<group>";
		};
		56ED31FB1D4C1F3400BB78C6 /* GhostGossipUITests */ = {
			isa = PBXGroup;
			children = (
				56ED31FC1D4C1F3400BB78C6 /* GhostGossipUITests.swift */,
				56ED31FE1D4C1F3400BB78C6 /* Info.plist */,
			);
			path = GhostGossipUITests;
			sourceTree = "<group>";
		};
		56F5DD971D56315300253254 /* Support Files */ = {
			isa = PBXGroup;
			children = (
				56F5DD911D56315300253254 /* Info.plist */,
				56F5DD921D56315300253254 /* SCLAlertView.modulemap */,
				56F5DD931D56315300253254 /* SCLAlertView.xcconfig */,
				56F5DD941D56315300253254 /* SCLAlertView-dummy.m */,
				56F5DD951D56315300253254 /* SCLAlertView-prefix.pch */,
				56F5DD961D56315300253254 /* SCLAlertView-umbrella.h */,
			);
			name = "Support Files";
			path = "../Target Support Files/SCLAlertView";
			sourceTree = "<group>";
		};
		56F5DD981D56315300253254 /* SCLAlertView */ = {
			isa = PBXGroup;
			children = (
				56F5DD8E1D56315300253254 /* Info.plist */,
				56F5DD8F1D56315300253254 /* SCLAlertView.swift */,
				56F5DD901D56315300253254 /* SCLExtensions.swift */,
				56F5DD971D56315300253254 /* Support Files */,
			);
			name = SCLAlertView;
			path = ../Pods/SCLAlertView;
			sourceTree = "<group>";
		};
		F66E4865E8B751EDECDD3789 /* Pods */ = {
			isa = PBXGroup;
			children = (
				4BF6C5A52FA318421FC441EE /* Pods-GhostGossip.debug.xcconfig */,
				E63E5DC1E34D0ED50A010929 /* Pods-GhostGossip.release.xcconfig */,
				0FEC3430A6759DBDF1FF5AB1 /* Pods-GhostGossipTests.debug.xcconfig */,
				6723DB8640A7791A8C2EC2A6 /* Pods-GhostGossipTests.release.xcconfig */,
				DF56B9A5227AFF13B0DF1FF4 /* Pods-GhostGossipUITests.debug.xcconfig */,
				E89A3190FF31A6D5168402CF /* Pods-GhostGossipUITests.release.xcconfig */,
			);
			name = Pods;
			sourceTree = "<group>";
		};
/* End PBXGroup section */

/* Begin PBXNativeTarget section */
		56ED31D81D4C1F3300BB78C6 /* GhostGossip */ = {
			isa = PBXNativeTarget;
			buildConfigurationList = 56ED32011D4C1F3400BB78C6 /* Build configuration list for PBXNativeTarget "GhostGossip" */;
			buildPhases = (
				E234E7C00AB2D5D6EC18BA2A /* [CP] Check Pods Manifest.lock */,
				56ED31D51D4C1F3300BB78C6 /* Sources */,
				56ED31D61D4C1F3300BB78C6 /* Frameworks */,
				56ED31D71D4C1F3300BB78C6 /* Resources */,
				568EB6A41D4CECB800B56A88 /* Embed Frameworks */,
				568EB6DF1D4CEECE00B56A88 /* ShellScript */,
				94EE75F47E1963D44DD4EAF2 /* [CP] Embed Pods Frameworks */,
				4644CD2142137D9CF8BF2757 /* [CP] Copy Pods Resources */,
			);
			buildRules = (
			);
			dependencies = (
			);
			name = GhostGossip;
			productName = GhostGossip;
			productReference = 56ED31D91D4C1F3300BB78C6 /* GhostGossip.app */;
			productType = "com.apple.product-type.application";
		};
		56ED31EC1D4C1F3400BB78C6 /* GhostGossipTests */ = {
			isa = PBXNativeTarget;
			buildConfigurationList = 56ED32041D4C1F3400BB78C6 /* Build configuration list for PBXNativeTarget "GhostGossipTests" */;
			buildPhases = (
				2EDD858D5C285BA800EB785A /* [CP] Check Pods Manifest.lock */,
				56ED31E91D4C1F3400BB78C6 /* Sources */,
				56ED31EA1D4C1F3400BB78C6 /* Frameworks */,
				56ED31EB1D4C1F3400BB78C6 /* Resources */,
				3DEFC02FB1BE52AB0D5A67F7 /* [CP] Embed Pods Frameworks */,
				C379EA0AD5E1DA9B7121E79B /* [CP] Copy Pods Resources */,
			);
			buildRules = (
			);
			dependencies = (
				56ED31EF1D4C1F3400BB78C6 /* PBXTargetDependency */,
			);
			name = GhostGossipTests;
			productName = GhostGossipTests;
			productReference = 56ED31ED1D4C1F3400BB78C6 /* GhostGossipTests.xctest */;
			productType = "com.apple.product-type.bundle.unit-test";
		};
		56ED31F71D4C1F3400BB78C6 /* GhostGossipUITests */ = {
			isa = PBXNativeTarget;
			buildConfigurationList = 56ED32071D4C1F3400BB78C6 /* Build configuration list for PBXNativeTarget "GhostGossipUITests" */;
			buildPhases = (
				64057995A4F15F4B4AABDFAC /* [CP] Check Pods Manifest.lock */,
				56ED31F41D4C1F3400BB78C6 /* Sources */,
				56ED31F51D4C1F3400BB78C6 /* Frameworks */,
				56ED31F61D4C1F3400BB78C6 /* Resources */,
				7BE25DC5136D17128598F579 /* [CP] Copy Pods Resources */,
			);
			buildRules = (
			);
			dependencies = (
				56ED31FA1D4C1F3400BB78C6 /* PBXTargetDependency */,
			);
			name = GhostGossipUITests;
			productName = GhostGossipUITests;
			productReference = 56ED31F81D4C1F3400BB78C6 /* GhostGossipUITests.xctest */;
			productType = "com.apple.product-type.bundle.ui-testing";
		};
/* End PBXNativeTarget section */

/* Begin PBXProject section */
		56ED31D11D4C1F3300BB78C6 /* Project object */ = {
			isa = PBXProject;
			attributes = {
				LastSwiftUpdateCheck = 0730;
				LastUpgradeCheck = 0730;
				ORGANIZATIONNAME = "Sruthin Gaddam";
				TargetAttributes = {
					56ED31D81D4C1F3300BB78C6 = {
						CreatedOnToolsVersion = 7.3.1;
						DevelopmentTeam = 7Z67VMB4ND;
					};
					56ED31EC1D4C1F3400BB78C6 = {
						CreatedOnToolsVersion = 7.3.1;
						TestTargetID = 56ED31D81D4C1F3300BB78C6;
					};
					56ED31F71D4C1F3400BB78C6 = {
						CreatedOnToolsVersion = 7.3.1;
						TestTargetID = 56ED31D81D4C1F3300BB78C6;
					};
				};
			};
			buildConfigurationList = 56ED31D41D4C1F3300BB78C6 /* Build configuration list for PBXProject "GhostGossip" */;
			compatibilityVersion = "Xcode 3.2";
			developmentRegion = English;
			hasScannedForEncodings = 0;
			knownRegions = (
				en,
				Base,
			);
			mainGroup = 56ED31D01D4C1F3300BB78C6;
			productRefGroup = 56ED31DA1D4C1F3300BB78C6 /* Products */;
			projectDirPath = "";
			projectRoot = "";
			targets = (
				56ED31D81D4C1F3300BB78C6 /* GhostGossip */,
				56ED31EC1D4C1F3400BB78C6 /* GhostGossipTests */,
				56ED31F71D4C1F3400BB78C6 /* GhostGossipUITests */,
			);
		};
/* End PBXProject section */

/* Begin PBXResourcesBuildPhase section */
		56ED31D71D4C1F3300BB78C6 /* Resources */ = {
			isa = PBXResourcesBuildPhase;
			buildActionMask = 2147483647;
			files = (
				567F21841D830BFA006964DE /* Search.storyboard in Resources */,
				56ED31E71D4C1F3400BB78C6 /* LaunchScreen.storyboard in Resources */,
				568EB6F61D4E40FA00B56A88 /* GoogleService-Info.plist in Resources */,
				56F5DD9C1D56315300253254 /* Info.plist in Resources */,
				56EC62841D579617000D6B86 /* Dashboard.storyboard in Resources */,
				56ED31E41D4C1F3400BB78C6 /* Assets.xcassets in Resources */,
				56F5DD9D1D56315300253254 /* SCLAlertView.xcconfig in Resources */,
				56F619051D610231007D89FF /* Posts.storyboard in Resources */,
				567F21821D830BD7006964DE /* Friends.storyboard in Resources */,
				561C7B3A1D60C30400168D2D /* Profile.storyboard in Resources */,
				56F5DD991D56315300253254 /* Info.plist in Resources */,
				56ED31E21D4C1F3400BB78C6 /* Main.storyboard in Resources */,
			);
			runOnlyForDeploymentPostprocessing = 0;
		};
		56ED31EB1D4C1F3400BB78C6 /* Resources */ = {
			isa = PBXResourcesBuildPhase;
			buildActionMask = 2147483647;
			files = (
			);
			runOnlyForDeploymentPostprocessing = 0;
		};
		56ED31F61D4C1F3400BB78C6 /* Resources */ = {
			isa = PBXResourcesBuildPhase;
			buildActionMask = 2147483647;
			files = (
			);
			runOnlyForDeploymentPostprocessing = 0;
		};
/* End PBXResourcesBuildPhase section */

/* Begin PBXShellScriptBuildPhase section */
		2EDD858D5C285BA800EB785A /* [CP] Check Pods Manifest.lock */ = {
			isa = PBXShellScriptBuildPhase;
			buildActionMask = 2147483647;
			files = (
			);
			inputPaths = (
			);
			name = "[CP] Check Pods Manifest.lock";
			outputPaths = (
			);
			runOnlyForDeploymentPostprocessing = 0;
			shellPath = /bin/sh;
			shellScript = "diff \"${PODS_ROOT}/../Podfile.lock\" \"${PODS_ROOT}/Manifest.lock\" > /dev/null\nif [[ $? != 0 ]] ; then\n    cat << EOM\nerror: The sandbox is not in sync with the Podfile.lock. Run 'pod install' or update your CocoaPods installation.\nEOM\n    exit 1\nfi\n";
			showEnvVarsInLog = 0;
		};
		3DEFC02FB1BE52AB0D5A67F7 /* [CP] Embed Pods Frameworks */ = {
			isa = PBXShellScriptBuildPhase;
			buildActionMask = 2147483647;
			files = (
			);
			inputPaths = (
			);
			name = "[CP] Embed Pods Frameworks";
			outputPaths = (
			);
			runOnlyForDeploymentPostprocessing = 0;
			shellPath = /bin/sh;
			shellScript = "\"${SRCROOT}/Pods/Target Support Files/Pods-GhostGossipTests/Pods-GhostGossipTests-frameworks.sh\"\n";
			showEnvVarsInLog = 0;
		};
		4644CD2142137D9CF8BF2757 /* [CP] Copy Pods Resources */ = {
			isa = PBXShellScriptBuildPhase;
			buildActionMask = 2147483647;
			files = (
			);
			inputPaths = (
			);
			name = "[CP] Copy Pods Resources";
			outputPaths = (
			);
			runOnlyForDeploymentPostprocessing = 0;
			shellPath = /bin/sh;
			shellScript = "\"${SRCROOT}/Pods/Target Support Files/Pods-GhostGossip/Pods-GhostGossip-resources.sh\"\n";
			showEnvVarsInLog = 0;
		};
		568EB6DF1D4CEECE00B56A88 /* ShellScript */ = {
			isa = PBXShellScriptBuildPhase;
			buildActionMask = 2147483647;
			files = (
			);
			inputPaths = (
			);
			outputPaths = (
			);
			runOnlyForDeploymentPostprocessing = 0;
			shellPath = /bin/sh;
			shellScript = "

";
		};
		64057995A4F15F4B4AABDFAC /* [CP] Check Pods Manifest.lock */ = {
			isa = PBXShellScriptBuildPhase;
			buildActionMask = 2147483647;
			files = (
			);
			inputPaths = (
			);
			name = "[CP] Check Pods Manifest.lock";
			outputPaths = (
			);
			runOnlyForDeploymentPostprocessing = 0;
			shellPath = /bin/sh;
			shellScript = "diff \"${PODS_ROOT}/../Podfile.lock\" \"${PODS_ROOT}/Manifest.lock\" > /dev/null\nif [[ $? != 0 ]] ; then\n    cat << EOM\nerror: The sandbox is not in sync with the Podfile.lock. Run 'pod install' or update your CocoaPods installation.\nEOM\n    exit 1\nfi\n";
			showEnvVarsInLog = 0;
		};
		7BE25DC5136D17128598F579 /* [CP] Copy Pods Resources */ = {
			isa = PBXShellScriptBuildPhase;
			buildActionMask = 2147483647;
			files = (
			);
			inputPaths = (
			);
			name = "[CP] Copy Pods Resources";
			outputPaths = (
			);
			runOnlyForDeploymentPostprocessing = 0;
			shellPath = /bin/sh;
			shellScript = "\"${SRCROOT}/Pods/Target Support Files/Pods-GhostGossipUITests/Pods-GhostGossipUITests-resources.sh\"\n";
			showEnvVarsInLog = 0;
		};
		94EE75F47E1963D44DD4EAF2 /* [CP] Embed Pods Frameworks */ = {
			isa = PBXShellScriptBuildPhase;
			buildActionMask = 2147483647;
			files = (
			);
			inputPaths = (
			);
			name = "[CP] Embed Pods Frameworks";
			outputPaths = (
			);
			runOnlyForDeploymentPostprocessing = 0;
			shellPath = /bin/sh;
			shellScript = "\"${SRCROOT}/Pods/Target Support Files/Pods-GhostGossip/Pods-GhostGossip-frameworks.sh\"\n";
			showEnvVarsInLog = 0;
		};
		C379EA0AD5E1DA9B7121E79B /* [CP] Copy Pods Resources */ = {
			isa = PBXShellScriptBuildPhase;
			buildActionMask = 2147483647;
			files = (
			);
			inputPaths = (
			);
			name = "[CP] Copy Pods Resources";
			outputPaths = (
			);
			runOnlyForDeploymentPostprocessing = 0;
			shellPath = /bin/sh;
			shellScript = "\"${SRCROOT}/Pods/Target Support Files/Pods-GhostGossipTests/Pods-GhostGossipTests-resources.sh\"\n";
			showEnvVarsInLog = 0;
		};
		E234E7C00AB2D5D6EC18BA2A /* [CP] Check Pods Manifest.lock */ = {
			isa = PBXShellScriptBuildPhase;
			buildActionMask = 2147483647;
			files = (
			);
			inputPaths = (
			);
			name = "[CP] Check Pods Manifest.lock";
			outputPaths = (
			);
			runOnlyForDeploymentPostprocessing = 0;
			shellPath = /bin/sh;
			shellScript = "diff \"${PODS_ROOT}/../Podfile.lock\" \"${PODS_ROOT}/Manifest.lock\" > /dev/null\nif [[ $? != 0 ]] ; then\n    cat << EOM\nerror: The sandbox is not in sync with the Podfile.lock. Run 'pod install' or update your CocoaPods installation.\nEOM\n    exit 1\nfi\n";
			showEnvVarsInLog = 0;
		};
/* End PBXShellScriptBuildPhase section */

/* Begin PBXSourcesBuildPhase section */
		56ED31D51D4C1F3300BB78C6 /* Sources */ = {
			isa = PBXSourcesBuildPhase;
			buildActionMask = 2147483647;
			files = (
				56ED31DF1D4C1F3300BB78C6 /* ViewController.swift in Sources */,
				56F5DD851D51781800253254 /* FBLoadingViewController.swift in Sources */,
				56F5DD9B1D56315300253254 /* SCLExtensions.swift in Sources */,
				567F218A1D832394006964DE /* FriendsTableViewCell.swift in Sources */,
				56F6190B1D612659007D89FF /* PostViewController.swift in Sources */,
				567F21881D831D34006964DE /* FriendsViewController.swift in Sources */,
				56F5DD811D510C8C00253254 /* UserModel.swift in Sources */,
				5652DEB91D733045005A0B87 /* HelperFunctions.swift in Sources */,
				56F5DD871D527F8C00253254 /* loadingAnimation.swift in Sources */,
				56F5DD9E1D56315300253254 /* SCLAlertView-dummy.m in Sources */,
				56F5DDA51D57777600253254 /* ProfileViewController.swift in Sources */,
				5666E3221D60F46B00653805 /* UICustomization.swift in Sources */,
				56F5DDAA1D577E0500253254 /* MainTabBarViewController.swift in Sources */,
				567F218C1D846B36006964DE /* SearchViewController.swift in Sources */,
				5652DEB51D628399005A0B87 /* PostCellTableViewCell.swift in Sources */,
				56F5DD9A1D56315300253254 /* SCLAlertView.swift in Sources */,
				56EC62861D579D09000D6B86 /* SettingsViewController.swift in Sources */,
				56F5DD831D513EF100253254 /* UserNameAndPhoneNoViewController.swift in Sources */,
				5652DEB71D63845F005A0B87 /* PostModel.swift in Sources */,
				56F5DD8B1D52AD6A00253254 /* Color.swift in Sources */,
				56F5DD891D52AC9C00253254 /* VerificationViewController.swift in Sources */,
				56B5C0561D5D05E800412FEB /* MyFeedTableViewCell.swift in Sources */,
				56ED31DD1D4C1F3300BB78C6 /* AppDelegate.swift in Sources */,
			);
			runOnlyForDeploymentPostprocessing = 0;
		};
		56ED31E91D4C1F3400BB78C6 /* Sources */ = {
			isa = PBXSourcesBuildPhase;
			buildActionMask = 2147483647;
			files = (
				56ED31F21D4C1F3400BB78C6 /* GhostGossipTests.swift in Sources */,
			);
			runOnlyForDeploymentPostprocessing = 0;
		};
		56ED31F41D4C1F3400BB78C6 /* Sources */ = {
			isa = PBXSourcesBuildPhase;
			buildActionMask = 2147483647;
			files = (
				56ED31FD1D4C1F3400BB78C6 /* GhostGossipUITests.swift in Sources */,
			);
			runOnlyForDeploymentPostprocessing = 0;
		};
/* End PBXSourcesBuildPhase section */

/* Begin PBXTargetDependency section */
		56ED31EF1D4C1F3400BB78C6 /* PBXTargetDependency */ = {
			isa = PBXTargetDependency;
			target = 56ED31D81D4C1F3300BB78C6 /* GhostGossip */;
			targetProxy = 56ED31EE1D4C1F3400BB78C6 /* PBXContainerItemProxy */;
		};
		56ED31FA1D4C1F3400BB78C6 /* PBXTargetDependency */ = {
			isa = PBXTargetDependency;
			target = 56ED31D81D4C1F3300BB78C6 /* GhostGossip */;
			targetProxy = 56ED31F91D4C1F3400BB78C6 /* PBXContainerItemProxy */;
		};
/* End PBXTargetDependency section */

/* Begin PBXVariantGroup section */
		561C7B381D60C30400168D2D /* Profile.storyboard */ = {
			isa = PBXVariantGroup;
			children = (
				561C7B391D60C30400168D2D /* Base */,
			);
			name = Profile.storyboard;
			sourceTree = "<group>";
		};
		567F21801D830BD7006964DE /* Friends.storyboard */ = {
			isa = PBXVariantGroup;
			children = (
				567F21811D830BD7006964DE /* Base */,
			);
			name = Friends.storyboard;
			sourceTree = "<group>";
		};
		56EC62821D579617000D6B86 /* Dashboard.storyboard */ = {
			isa = PBXVariantGroup;
			children = (
				56EC62831D579617000D6B86 /* Base */,
			);
			name = Dashboard.storyboard;
			sourceTree = "<group>";
		};
		56ED31E01D4C1F3400BB78C6 /* Main.storyboard */ = {
			isa = PBXVariantGroup;
			children = (
				56ED31E11D4C1F3400BB78C6 /* Base */,
			);
			name = Main.storyboard;
			sourceTree = "<group>";
		};
		56ED31E51D4C1F3400BB78C6 /* LaunchScreen.storyboard */ = {
			isa = PBXVariantGroup;
			children = (
				56ED31E61D4C1F3400BB78C6 /* Base */,
			);
			name = LaunchScreen.storyboard;
			sourceTree = "<group>";
		};
		56F619031D610231007D89FF /* Posts.storyboard */ = {
			isa = PBXVariantGroup;
			children = (
				56F619041D610231007D89FF /* Base */,
			);
			name = Posts.storyboard;
			sourceTree = "<group>";
		};
/* End PBXVariantGroup section */

/* Begin XCBuildConfiguration section */
		56ED31FF1D4C1F3400BB78C6 /* Debug */ = {
			isa = XCBuildConfiguration;
			buildSettings = {
				ALWAYS_SEARCH_USER_PATHS = NO;
				CLANG_ANALYZER_NONNULL = YES;
				CLANG_CXX_LANGUAGE_STANDARD = "gnu++0x";
				CLANG_CXX_LIBRARY = "libc++";
				CLANG_ENABLE_MODULES = YES;
				CLANG_ENABLE_OBJC_ARC = YES;
				CLANG_WARN_BOOL_CONVERSION = YES;
				CLANG_WARN_CONSTANT_CONVERSION = YES;
				CLANG_WARN_DIRECT_OBJC_ISA_USAGE = YES_ERROR;
				CLANG_WARN_EMPTY_BODY = YES;
				CLANG_WARN_ENUM_CONVERSION = YES;
				CLANG_WARN_INT_CONVERSION = YES;
				CLANG_WARN_OBJC_ROOT_CLASS = YES_ERROR;
				CLANG_WARN_UNREACHABLE_CODE = YES;
				CLANG_WARN__DUPLICATE_METHOD_MATCH = YES;
				"CODE_SIGN_IDENTITY[sdk=iphoneos*]" = "iPhone Developer";
				COPY_PHASE_STRIP = NO;
				DEBUG_INFORMATION_FORMAT = dwarf;
				ENABLE_STRICT_OBJC_MSGSEND = YES;
				ENABLE_TESTABILITY = YES;
				GCC_C_LANGUAGE_STANDARD = gnu99;
				GCC_DYNAMIC_NO_PIC = NO;
				GCC_NO_COMMON_BLOCKS = YES;
				GCC_OPTIMIZATION_LEVEL = 0;
				GCC_PREPROCESSOR_DEFINITIONS = (
					"DEBUG=1",
					"$(inherited)",
				);
				GCC_WARN_64_TO_32_BIT_CONVERSION = YES;
				GCC_WARN_ABOUT_RETURN_TYPE = YES_ERROR;
				GCC_WARN_UNDECLARED_SELECTOR = YES;
				GCC_WARN_UNINITIALIZED_AUTOS = YES_AGGRESSIVE;
				GCC_WARN_UNUSED_FUNCTION = YES;
				GCC_WARN_UNUSED_VARIABLE = YES;
				IPHONEOS_DEPLOYMENT_TARGET = 9.3;
				MTL_ENABLE_DEBUG_INFO = YES;
				ONLY_ACTIVE_ARCH = YES;
				SDKROOT = iphoneos;
				SWIFT_OPTIMIZATION_LEVEL = "-Onone";
				TARGETED_DEVICE_FAMILY = "1,2";
			};
			name = Debug;
		};
		56ED32001D4C1F3400BB78C6 /* Release */ = {
			isa = XCBuildConfiguration;
			buildSettings = {
				ALWAYS_SEARCH_USER_PATHS = NO;
				CLANG_ANALYZER_NONNULL = YES;
				CLANG_CXX_LANGUAGE_STANDARD = "gnu++0x";
				CLANG_CXX_LIBRARY = "libc++";
				CLANG_ENABLE_MODULES = YES;
				CLANG_ENABLE_OBJC_ARC = YES;
				CLANG_WARN_BOOL_CONVERSION = YES;
				CLANG_WARN_CONSTANT_CONVERSION = YES;
				CLANG_WARN_DIRECT_OBJC_ISA_USAGE = YES_ERROR;
				CLANG_WARN_EMPTY_BODY = YES;
				CLANG_WARN_ENUM_CONVERSION = YES;
				CLANG_WARN_INT_CONVERSION = YES;
				CLANG_WARN_OBJC_ROOT_CLASS = YES_ERROR;
				CLANG_WARN_UNREACHABLE_CODE = YES;
				CLANG_WARN__DUPLICATE_METHOD_MATCH = YES;
				"CODE_SIGN_IDENTITY[sdk=iphoneos*]" = "iPhone Developer";
				COPY_PHASE_STRIP = NO;
				DEBUG_INFORMATION_FORMAT = "dwarf-with-dsym";
				ENABLE_NS_ASSERTIONS = NO;
				ENABLE_STRICT_OBJC_MSGSEND = YES;
				GCC_C_LANGUAGE_STANDARD = gnu99;
				GCC_NO_COMMON_BLOCKS = YES;
				GCC_WARN_64_TO_32_BIT_CONVERSION = YES;
				GCC_WARN_ABOUT_RETURN_TYPE = YES_ERROR;
				GCC_WARN_UNDECLARED_SELECTOR = YES;
				GCC_WARN_UNINITIALIZED_AUTOS = YES_AGGRESSIVE;
				GCC_WARN_UNUSED_FUNCTION = YES;
				GCC_WARN_UNUSED_VARIABLE = YES;
				IPHONEOS_DEPLOYMENT_TARGET = 9.3;
				MTL_ENABLE_DEBUG_INFO = NO;
				SDKROOT = iphoneos;
				TARGETED_DEVICE_FAMILY = "1,2";
				VALIDATE_PRODUCT = YES;
			};
			name = Release;
		};
		56ED32021D4C1F3400BB78C6 /* Debug */ = {
			isa = XCBuildConfiguration;
			baseConfigurationReference = 4BF6C5A52FA318421FC441EE /* Pods-GhostGossip.debug.xcconfig */;
			buildSettings = {
				ASSETCATALOG_COMPILER_APPICON_NAME = AppIcon;
				CODE_SIGN_IDENTITY = "iPhone Developer";
				"CODE_SIGN_IDENTITY[sdk=iphoneos*]" = "iPhone Developer";
				FRAMEWORK_SEARCH_PATHS = (
					"$(inherited)",
					"$(PROJECT_DIR)",
					"/Users/sruthingaddam/Documents/iOS/GhostGossip/Pods/FacebookSDKs-iOS-4/FBSDKLoginKit.frameworl",
					"/Users/sruthingaddam/Documents/iOS/GhostGossip/Pods/FacebookSDKs-iOS-4/FBSDKCoreKit.frameworl",
					"$(PROJECT_DIR)/Pods/FacebookSDKs-iOS-4",
				);
				INFOPLIST_FILE = GhostGossip/Info.plist;
				LD_RUNPATH_SEARCH_PATHS = "$(inherited) @executable_path/Frameworks";
				PRODUCT_BUNDLE_IDENTIFIER = com.ghostgossip.GhostGossip;
				PRODUCT_NAME = "$(TARGET_NAME)";
				PROVISIONING_PROFILE = "";
			};
			name = Debug;
		};
		56ED32031D4C1F3400BB78C6 /* Release */ = {
			isa = XCBuildConfiguration;
			baseConfigurationReference = E63E5DC1E34D0ED50A010929 /* Pods-GhostGossip.release.xcconfig */;
			buildSettings = {
				ASSETCATALOG_COMPILER_APPICON_NAME = AppIcon;
				CODE_SIGN_IDENTITY = "iPhone Developer";
				"CODE_SIGN_IDENTITY[sdk=iphoneos*]" = "iPhone Developer";
				FRAMEWORK_SEARCH_PATHS = (
					"$(inherited)",
					"$(PROJECT_DIR)",
					"/Users/sruthingaddam/Documents/iOS/GhostGossip/Pods/FacebookSDKs-iOS-4/FBSDKLoginKit.frameworl",
					"/Users/sruthingaddam/Documents/iOS/GhostGossip/Pods/FacebookSDKs-iOS-4/FBSDKCoreKit.frameworl",
					"$(PROJECT_DIR)/Pods/FacebookSDKs-iOS-4",
				);
				INFOPLIST_FILE = GhostGossip/Info.plist;
				LD_RUNPATH_SEARCH_PATHS = "$(inherited) @executable_path/Frameworks";
				PRODUCT_BUNDLE_IDENTIFIER = com.ghostgossip.GhostGossip;
				PRODUCT_NAME = "$(TARGET_NAME)";
				PROVISIONING_PROFILE = "";
			};
			name = Release;
		};
		56ED32051D4C1F3400BB78C6 /* Debug */ = {
			isa = XCBuildConfiguration;
			baseConfigurationReference = 0FEC3430A6759DBDF1FF5AB1 /* Pods-GhostGossipTests.debug.xcconfig */;
			buildSettings = {
				BUNDLE_LOADER = "$(TEST_HOST)";
				INFOPLIST_FILE = GhostGossipTests/Info.plist;
				LD_RUNPATH_SEARCH_PATHS = "$(inherited) @executable_path/Frameworks @loader_path/Frameworks";
				PRODUCT_BUNDLE_IDENTIFIER = com.ghostgossip.GhostGossipTests;
				PRODUCT_NAME = "$(TARGET_NAME)";
				TEST_HOST = "$(BUILT_PRODUCTS_DIR)/GhostGossip.app/GhostGossip";
			};
			name = Debug;
		};
		56ED32061D4C1F3400BB78C6 /* Release */ = {
			isa = XCBuildConfiguration;
			baseConfigurationReference = 6723DB8640A7791A8C2EC2A6 /* Pods-GhostGossipTests.release.xcconfig */;
			buildSettings = {
				BUNDLE_LOADER = "$(TEST_HOST)";
				INFOPLIST_FILE = GhostGossipTests/Info.plist;
				LD_RUNPATH_SEARCH_PATHS = "$(inherited) @executable_path/Frameworks @loader_path/Frameworks";
				PRODUCT_BUNDLE_IDENTIFIER = com.ghostgossip.GhostGossipTests;
				PRODUCT_NAME = "$(TARGET_NAME)";
				TEST_HOST = "$(BUILT_PRODUCTS_DIR)/GhostGossip.app/GhostGossip";
			};
			name = Release;
		};
		56ED32081D4C1F3400BB78C6 /* Debug */ = {
			isa = XCBuildConfiguration;
			baseConfigurationReference = DF56B9A5227AFF13B0DF1FF4 /* Pods-GhostGossipUITests.debug.xcconfig */;
			buildSettings = {
				INFOPLIST_FILE = GhostGossipUITests/Info.plist;
				LD_RUNPATH_SEARCH_PATHS = "$(inherited) @executable_path/Frameworks @loader_path/Frameworks";
				PRODUCT_BUNDLE_IDENTIFIER = com.ghostgossip.GhostGossipUITests;
				PRODUCT_NAME = "$(TARGET_NAME)";
				TEST_TARGET_NAME = GhostGossip;
			};
			name = Debug;
		};
		56ED32091D4C1F3400BB78C6 /* Release */ = {
			isa = XCBuildConfiguration;
			baseConfigurationReference = E89A3190FF31A6D5168402CF /* Pods-GhostGossipUITests.release.xcconfig */;
			buildSettings = {
				INFOPLIST_FILE = GhostGossipUITests/Info.plist;
				LD_RUNPATH_SEARCH_PATHS = "$(inherited) @executable_path/Frameworks @loader_path/Frameworks";
				PRODUCT_BUNDLE_IDENTIFIER = com.ghostgossip.GhostGossipUITests;
				PRODUCT_NAME = "$(TARGET_NAME)";
				TEST_TARGET_NAME = GhostGossip;
			};
			name = Release;
		};
/* End XCBuildConfiguration section */

/* Begin XCConfigurationList section */
		56ED31D41D4C1F3300BB78C6 /* Build configuration list for PBXProject "GhostGossip" */ = {
			isa = XCConfigurationList;
			buildConfigurations = (
				56ED31FF1D4C1F3400BB78C6 /* Debug */,
				56ED32001D4C1F3400BB78C6 /* Release */,
			);
			defaultConfigurationIsVisible = 0;
			defaultConfigurationName = Release;
		};
		56ED32011D4C1F3400BB78C6 /* Build configuration list for PBXNativeTarget "GhostGossip" */ = {
			isa = XCConfigurationList;
			buildConfigurations = (
				56ED32021D4C1F3400BB78C6 /* Debug */,
				56ED32031D4C1F3400BB78C6 /* Release */,
			);
			defaultConfigurationIsVisible = 0;
			defaultConfigurationName = Release;
		};
		56ED32041D4C1F3400BB78C6 /* Build configuration list for PBXNativeTarget "GhostGossipTests" */ = {
			isa = XCConfigurationList;
			buildConfigurations = (
				56ED32051D4C1F3400BB78C6 /* Debug */,
				56ED32061D4C1F3400BB78C6 /* Release */,
			);
			defaultConfigurationIsVisible = 0;
			defaultConfigurationName = Release;
		};
		56ED32071D4C1F3400BB78C6 /* Build configuration list for PBXNativeTarget "GhostGossipUITests" */ = {
			isa = XCConfigurationList;
			buildConfigurations = (
				56ED32081D4C1F3400BB78C6 /* Debug */,
				56ED32091D4C1F3400BB78C6 /* Release */,
			);
			defaultConfigurationIsVisible = 0;
			defaultConfigurationName = Release;
		};
/* End XCConfigurationList section */
	};
	rootObject = 56ED31D11D4C1F3300BB78C6 /* Project object */;
}
